
Microsoft Visual Studio Solution File, Format Version 12.00
# Visual Studio 15
VisualStudioVersion = 15.0.26124.0
MinimumVisualStudioVersion = 15.0.26124.0
Project("{2150E333-8FDC-42A3-9474-1A3956D46DE8}") = "src", "src", "{DE943FD7-A87B-4F4C-B232-079FD892E7E8}"
EndProject
Project("{FAE04EC0-301F-11D3-BF4B-00C04F79EFBC}") = "GeometricService.WebApi", "src\GeometricService.WebApi\GeometricService.WebApi.csproj", "{DD1E8BBF-27D0-4EF2-AC63-4855A153BB24}"
EndProject
Project("{2150E333-8FDC-42A3-9474-1A3956D46DE8}") = "tests", "tests", "{79E7107A-D938-488B-A5B9-17A472823E37}"
EndProject
Project("{FAE04EC0-301F-11D3-BF4B-00C04F79EFBC}") = "GeometricService.UnitTests", "tests\GeometricService.UnitTests\GeometricService.UnitTests.csproj", "{3B082B07-555A-4D89-AE8C-0F076FA6F186}"
EndProject
Project("{FAE04EC0-301F-11D3-BF4B-00C04F79EFBC}") = "GeometricService.Domain", "src\GeometricService.Domain\GeometricService.Domain.csproj", "{B3EA175C-E999-41FC-AC91-21A5AD05E4C7}"
EndProject
Project("{FAE04EC0-301F-11D3-BF4B-00C04F79EFBC}") = "GeometricService.Infrastructure", "src\GeometricService.Infrastructure\GeometricService.Infrastructure.csproj", "{E34AB1DB-952E-4096-9E0F-891A094647E0}"
EndProject
Global
	GlobalSection(SolutionConfigurationPlatforms) = preSolution
		Debug|Any CPU = Debug|Any CPU
		Debug|x64 = Debug|x64
		Debug|x86 = Debug|x86
		Release|Any CPU = Release|Any CPU
		Release|x64 = Release|x64
		Release|x86 = Release|x86
	EndGlobalSection
	GlobalSection(SolutionProperties) = preSolution
		HideSolutionNode = FALSE
	EndGlobalSection
	GlobalSection(ProjectConfigurationPlatforms) = postSolution
		{DD1E8BBF-27D0-4EF2-AC63-4855A153BB24}.Debug|Any CPU.ActiveCfg = Debug|Any CPU
		{DD1E8BBF-27D0-4EF2-AC63-4855A153BB24}.Debug|Any CPU.Build.0 = Debug|Any CPU
		{DD1E8BBF-27D0-4EF2-AC63-4855A153BB24}.Debug|x64.ActiveCfg = Debug|Any CPU
		{DD1E8BBF-27D0-4EF2-AC63-4855A153BB24}.Debug|x64.Build.0 = Debug|Any CPU
		{DD1E8BBF-27D0-4EF2-AC63-4855A153BB24}.Debug|x86.ActiveCfg = Debug|Any CPU
		{DD1E8BBF-27D0-4EF2-AC63-4855A153BB24}.Debug|x86.Build.0 = Debug|Any CPU
		{DD1E8BBF-27D0-4EF2-AC63-4855A153BB24}.Release|Any CPU.ActiveCfg = Release|Any CPU
		{DD1E8BBF-27D0-4EF2-AC63-4855A153BB24}.Release|Any CPU.Build.0 = Release|Any CPU
		{DD1E8BBF-27D0-4EF2-AC63-4855A153BB24}.Release|x64.ActiveCfg = Release|Any CPU
		{DD1E8BBF-27D0-4EF2-AC63-4855A153BB24}.Release|x64.Build.0 = Release|Any CPU
		{DD1E8BBF-27D0-4EF2-AC63-4855A153BB24}.Release|x86.ActiveCfg = Release|Any CPU
		{DD1E8BBF-27D0-4EF2-AC63-4855A153BB24}.Release|x86.Build.0 = Release|Any CPU
		{3B082B07-555A-4D89-AE8C-0F076FA6F186}.Debug|Any CPU.ActiveCfg = Debug|Any CPU
		{3B082B07-555A-4D89-AE8C-0F076FA6F186}.Debug|Any CPU.Build.0 = Debug|Any CPU
		{3B082B07-555A-4D89-AE8C-0F076FA6F186}.Debug|x64.ActiveCfg = Debug|Any CPU
		{3B082B07-555A-4D89-AE8C-0F076FA6F186}.Debug|x64.Build.0 = Debug|Any CPU
		{3B082B07-555A-4D89-AE8C-0F076FA6F186}.Debug|x86.ActiveCfg = Debug|Any CPU
		{3B082B07-555A-4D89-AE8C-0F076FA6F186}.Debug|x86.Build.0 = Debug|Any CPU
		{3B082B07-555A-4D89-AE8C-0F076FA6F186}.Release|Any CPU.ActiveCfg = Release|Any CPU
		{3B082B07-555A-4D89-AE8C-0F076FA6F186}.Release|Any CPU.Build.0 = Release|Any CPU
		{3B082B07-555A-4D89-AE8C-0F076FA6F186}.Release|x64.ActiveCfg = Release|Any CPU
		{3B082B07-555A-4D89-AE8C-0F076FA6F186}.Release|x64.Build.0 = Release|Any CPU
		{3B082B07-555A-4D89-AE8C-0F076FA6F186}.Release|x86.ActiveCfg = Release|Any CPU
		{3B082B07-555A-4D89-AE8C-0F076FA6F186}.Release|x86.Build.0 = Release|Any CPU
		{B3EA175C-E999-41FC-AC91-21A5AD05E4C7}.Debug|Any CPU.ActiveCfg = Debug|Any CPU
		{B3EA175C-E999-41FC-AC91-21A5AD05E4C7}.Debug|Any CPU.Build.0 = Debug|Any CPU
		{B3EA175C-E999-41FC-AC91-21A5AD05E4C7}.Debug|x64.ActiveCfg = Debug|Any CPU
		{B3EA175C-E999-41FC-AC91-21A5AD05E4C7}.Debug|x64.Build.0 = Debug|Any CPU
		{B3EA175C-E999-41FC-AC91-21A5AD05E4C7}.Debug|x86.ActiveCfg = Debug|Any CPU
		{B3EA175C-E999-41FC-AC91-21A5AD05E4C7}.Debug|x86.Build.0 = Debug|Any CPU
		{B3EA175C-E999-41FC-AC91-21A5AD05E4C7}.Release|Any CPU.ActiveCfg = Release|Any CPU
		{B3EA175C-E999-41FC-AC91-21A5AD05E4C7}.Release|Any CPU.Build.0 = Release|Any CPU
		{B3EA175C-E999-41FC-AC91-21A5AD05E4C7}.Release|x64.ActiveCfg = Release|Any CPU
		{B3EA175C-E999-41FC-AC91-21A5AD05E4C7}.Release|x64.Build.0 = Release|Any CPU
		{B3EA175C-E999-41FC-AC91-21A5AD05E4C7}.Release|x86.ActiveCfg = Release|Any CPU
		{B3EA175C-E999-41FC-AC91-21A5AD05E4C7}.Release|x86.Build.0 = Release|Any CPU
		{E34AB1DB-952E-4096-9E0F-891A094647E0}.Debug|Any CPU.ActiveCfg = Debug|Any CPU
		{E34AB1DB-952E-4096-9E0F-891A094647E0}.Debug|Any CPU.Build.0 = Debug|Any CPU
		{E34AB1DB-952E-4096-9E0F-891A094647E0}.Debug|x64.ActiveCfg = Debug|Any CPU
		{E34AB1DB-952E-4096-9E0F-891A094647E0}.Debug|x64.Build.0 = Debug|Any CPU
		{E34AB1DB-952E-4096-9E0F-891A094647E0}.Debug|x86.ActiveCfg = Debug|Any CPU
		{E34AB1DB-952E-4096-9E0F-891A094647E0}.Debug|x86.Build.0 = Debug|Any CPU
		{E34AB1DB-952E-4096-9E0F-891A094647E0}.Release|Any CPU.ActiveCfg = Release|Any CPU
		{E34AB1DB-952E-4096-9E0F-891A094647E0}.Release|Any CPU.Build.0 = Release|Any CPU
		{E34AB1DB-952E-4096-9E0F-891A094647E0}.Release|x64.ActiveCfg = Release|Any CPU
		{E34AB1DB-952E-4096-9E0F-891A094647E0}.Release|x64.Build.0 = Release|Any CPU
		{E34AB1DB-952E-4096-9E0F-891A094647E0}.Release|x86.ActiveCfg = Release|Any CPU
		{E34AB1DB-952E-4096-9E0F-891A094647E0}.Release|x86.Build.0 = Release|Any CPU
	EndGlobalSection
	GlobalSection(NestedProjects) = preSolution
		{DD1E8BBF-27D0-4EF2-AC63-4855A153BB24} = {DE943FD7-A87B-4F4C-B232-079FD892E7E8}
		{3B082B07-555A-4D89-AE8C-0F076FA6F186} = {79E7107A-D938-488B-A5B9-17A472823E37}
		{B3EA175C-E999-41FC-AC91-21A5AD05E4C7} = {DE943FD7-A87B-4F4C-B232-079FD892E7E8}
		{E34AB1DB-952E-4096-9E0F-891A094647E0} = {DE943FD7-A87B-4F4C-B232-079FD892E7E8}
	EndGlobalSection
EndGlobal
